{
  "name": "game",
  "version": "0.0.1",
  "lockfileVersion": 2,
  "requires": true,
  "packages": {
    "": {
      "name": "game",
      "version": "0.0.1",
      "dependencies": {
        "jclsengine": "file:../jclsengine"
      }
    },
    "../jclsengine": {
      "version": "0.0.1",
      "license": "MIT",
      "devDependencies": {
        "typedoc": "^0.24.8"
      }
    },
    "node_modules/jclsengine": {
      "resolved": "../jclsengine",
      "link": true
    }
  },
  "dependencies": {
    "jclsengine": {
      "version": "file:../jclsengine",
      "requires": {
        "typedoc": "^0.24.8"
      }
    }
  }
}
