
Microsoft Visual Studio Solution File, Format Version 12.00
# Visual Studio Version 17
VisualStudioVersion = 17.6.33815.320
MinimumVisualStudioVersion = 10.0.40219.1
Project("{9A19103F-16F7-4668-BE54-9A1E7A4F7556}") = "HelloPhotino.StaticFileServer", "HelloPhotino.StaticFileServer.csproj", "{849B9294-C736-401E-93F7-200E370DEE05}"
EndProject
Global
	GlobalSection(SolutionConfigurationPlatforms) = preSolution
		Debug|Any CPU = Debug|Any CPU
		Release|Any CPU = Release|Any CPU
	EndGlobalSection
	GlobalSection(ProjectConfigurationPlatforms) = postSolution
		{849B9294-C736-401E-93F7-200E370DEE05}.Debug|Any CPU.ActiveCfg = Debug|Any CPU
		{849B9294-C736-401E-93F7-200E370DEE05}.Debug|Any CPU.Build.0 = Debug|Any CPU
		{849B9294-C736-401E-93F7-200E370DEE05}.Release|Any CPU.ActiveCfg = Release|Any CPU
		{849B9294-C736-401E-93F7-200E370DEE05}.Release|Any CPU.Build.0 = Release|Any CPU
	EndGlobalSection
	GlobalSection(SolutionProperties) = preSolution
		HideSolutionNode = FALSE
	EndGlobalSection
	GlobalSection(ExtensibilityGlobals) = postSolution
		SolutionGuid = {84138066-5597-4AB5-A37A-C6BF47E55710}
	EndGlobalSection
EndGlobal
